{
  "name": "@ng-dashboard/authentication",
  "version": "0.1.12",
  "lockfileVersion": 1,
  "requires": true,
  "dependencies": {
    "@ngx-translate/core": {
      "version": "11.0.1",
      "resolved": "https://registry.npmjs.org/@ngx-translate/core/-/core-11.0.1.tgz",
      "integrity": "sha512-nBCa1ZD9fAUY/3eskP3Lql2fNg8OMrYIej1/5GRsfcutx9tG/5fZLCv9m6UCw1aS+u4uK/vXjv1ctG/FdMvaWg==",
      "requires": {
        "tslib": "^1.9.0"
      }
    },
    "response-type": {
      "version": "1.0.3",
      "resolved": "https://registry.npmjs.org/response-type/-/response-type-1.0.3.tgz",
      "integrity": "sha512-wnMqcKwgqlFu6jD1fw/cANyu7lIVVt+lAjB8N4HqvMea6X4dI1+jvH0tAUtXGyt1BY/I9+ncI+P5q4qKOxh52Q=="
    },
    "sass-material-colors": {
      "version": "0.0.5",
      "resolved": "https://registry.npmjs.org/sass-material-colors/-/sass-material-colors-0.0.5.tgz",
      "integrity": "sha1-uURTkjbJTi1OzjXS7j+iLxCy7UM="
    },
    "tslib": {
      "version": "1.10.0",
      "resolved": "https://registry.npmjs.org/tslib/-/tslib-1.10.0.tgz",
      "integrity": "sha512-qOebF53frne81cf0S9B41ByenJ3/IuH8yJKngAX35CmiZySA0khhkovshKK+jGCaMnVomla7gVlIcc3EvKPbTQ=="
    }
  }
}
