{
  "name": "@ng-dashboard/core",
  "version": "1.0.330",
  "lockfileVersion": 1,
  "requires": true,
  "dependencies": {
    "@ngrx/core": {
      "version": "1.2.0",
      "resolved": "https://registry.npmjs.org/@ngrx/core/-/core-1.2.0.tgz",
      "integrity": "sha1-iCtGq6+i4ObYh8txobLC+j5tDcY="
    },
    "@ngrx/store": {
      "version": "8.6.0",
      "resolved": "https://registry.npmjs.org/@ngrx/store/-/store-8.6.0.tgz",
      "integrity": "sha512-K4cvCEa+5hw9qrETQWO+Cha3YbVCAT8yaIKJr/N35KntTL9mQMjoL+51JWLZfBwPV0e19CFgJIyrBnVUTxwr2A=="
    },
    "@ngx-translate/core": {
      "version": "11.0.1",
      "resolved": "https://registry.npmjs.org/@ngx-translate/core/-/core-11.0.1.tgz",
      "integrity": "sha512-nBCa1ZD9fAUY/3eskP3Lql2fNg8OMrYIej1/5GRsfcutx9tG/5fZLCv9m6UCw1aS+u4uK/vXjv1ctG/FdMvaWg==",
      "requires": {
        "tslib": "^1.9.0"
      }
    },
    "@types/pdfjs-dist": {
      "version": "2.1.3",
      "resolved": "https://registry.npmjs.org/@types/pdfjs-dist/-/pdfjs-dist-2.1.3.tgz",
      "integrity": "sha512-aGyFfB4Q8QjaSR3cBTiJfnFXBU6SXQaBVM7ADfBaZzq4L7EGbjuSoqXfHJofZmLFBfKzZ9b+9nXO2FfUIsw77w=="
    },
    "ajv": {
      "version": "6.12.0",
      "resolved": "https://registry.npmjs.org/ajv/-/ajv-6.12.0.tgz",
      "integrity": "sha512-D6gFiFA0RRLyUbvijN74DWAjXSFxWKaWP7mldxkVhyhAV3+SWA9HEJPHQ2c9soIeTFJqcSdFDGFgdqs1iUU2Hw==",
      "requires": {
        "fast-deep-equal": "^3.1.1",
        "fast-json-stable-stringify": "^2.0.0",
        "json-schema-traverse": "^0.4.1",
        "uri-js": "^4.2.2"
      }
    },
    "ajv-keywords": {
      "version": "3.4.1",
      "resolved": "https://registry.npmjs.org/ajv-keywords/-/ajv-keywords-3.4.1.tgz",
      "integrity": "sha512-RO1ibKvd27e6FEShVFfPALuHI3WjSVNeK5FIsmme/LYRNxjKuNj+Dt7bucLa6NdSv3JcVTyMlm9kGR84z1XpaQ=="
    },
    "big.js": {
      "version": "5.2.2",
      "resolved": "https://registry.npmjs.org/big.js/-/big.js-5.2.2.tgz",
      "integrity": "sha512-vyL2OymJxmarO8gxMr0mhChsO9QGwhynfuu4+MHTAW6czfq9humCB7rKpUjDd9YUiDPU4mzpyupFSvOClAwbmQ=="
    },
    "bootstrap": {
      "version": "4.4.1",
      "resolved": "https://registry.npmjs.org/bootstrap/-/bootstrap-4.4.1.tgz",
      "integrity": "sha512-tbx5cHubwE6e2ZG7nqM3g/FZ5PQEDMWmMGNrCUBVRPHXTJaH7CBDdsLeu3eCh3B1tzAxTnAbtmrzvWEvT2NNEA=="
    },
    "can-use-dom": {
      "version": "0.1.0",
      "resolved": "https://registry.npmjs.org/can-use-dom/-/can-use-dom-0.1.0.tgz",
      "integrity": "sha1-IsxKNKCrxDlQ9CxkEQJKP2NmtFo="
    },
    "core-js": {
      "version": "3.6.0",
      "resolved": "https://registry.npmjs.org/core-js/-/core-js-3.6.0.tgz",
      "integrity": "sha512-AHPTNKzyB+YwgDWoSOCaid9PUSEF6781vsfiK8qUz62zRR448/XgK2NtCbpiUGizbep8Lrpt0Du19PpGGZvw3Q=="
    },
    "emojis-list": {
      "version": "3.0.0",
      "resolved": "https://registry.npmjs.org/emojis-list/-/emojis-list-3.0.0.tgz",
      "integrity": "sha512-/kyM18EfinwXZbno9FyUGeFh87KC8HRQBQGildHZbEuRyWFOmv1U10o9BBp8XVZDVNNuQKyIGIu5ZYAAXJ0V2Q=="
    },
    "fast-deep-equal": {
      "version": "3.1.1",
      "resolved": "https://registry.npmjs.org/fast-deep-equal/-/fast-deep-equal-3.1.1.tgz",
      "integrity": "sha512-8UEa58QDLauDNfpbrX55Q9jrGHThw2ZMdOky5Gl1CDtVeJDPVrG4Jxx1N8jw2gkWaff5UUuX1KJd+9zGe2B+ZA=="
    },
    "fast-json-stable-stringify": {
      "version": "2.1.0",
      "resolved": "https://registry.npmjs.org/fast-json-stable-stringify/-/fast-json-stable-stringify-2.1.0.tgz",
      "integrity": "sha512-lhd/wF+Lk98HZoTCtlVraHtfh5XYijIjalXck7saUtuanSDyLMxnHhSXEDJqHxD7msR8D0uCmqlkwjCV8xvwHw=="
    },
    "hammerjs": {
      "version": "2.0.8",
      "resolved": "https://registry.npmjs.org/hammerjs/-/hammerjs-2.0.8.tgz",
      "integrity": "sha1-BO93hiz/K7edMPdpIJWTAiK/YPE=",
      "optional": true
    },
    "invariant": {
      "version": "2.2.4",
      "resolved": "https://registry.npmjs.org/invariant/-/invariant-2.2.4.tgz",
      "integrity": "sha512-phJfQVBuaJM5raOpJjSfkiD6BpbCE4Ns//LaXl6wGYtUBY83nWS6Rf9tXm2e8VaK60JEjYldbPif/A2B1C2gNA==",
      "requires": {
        "loose-envify": "^1.0.0"
      }
    },
    "js-tokens": {
      "version": "4.0.0",
      "resolved": "https://registry.npmjs.org/js-tokens/-/js-tokens-4.0.0.tgz",
      "integrity": "sha512-RdJUflcE3cUzKiMqQgsCu06FPu9UdIJO0beYbPhHN4k6apgJtifcoCtT9bcxOpYBtpD2kCM6Sbzg4CausW/PKQ=="
    },
    "json-schema-traverse": {
      "version": "0.4.1",
      "resolved": "https://registry.npmjs.org/json-schema-traverse/-/json-schema-traverse-0.4.1.tgz",
      "integrity": "sha512-xbbCH5dCYU5T8LcEhhuh7HJ88HXuW3qsI3Y0zOZFKfZEHcpWiHU/Jxzk629Brsab/mMiHQti9wMP+845RPe3Vg=="
    },
    "json5": {
      "version": "1.0.1",
      "resolved": "https://registry.npmjs.org/json5/-/json5-1.0.1.tgz",
      "integrity": "sha512-aKS4WQjPenRxiQsC93MNfjx+nbF4PAdYzmd/1JIj8HYzqfbu86beTuNgXDzPknWk0n0uARlyewZo4s++ES36Ow==",
      "requires": {
        "minimist": "^1.2.0"
      }
    },
    "loader-utils": {
      "version": "1.4.0",
      "resolved": "https://registry.npmjs.org/loader-utils/-/loader-utils-1.4.0.tgz",
      "integrity": "sha512-qH0WSMBtn/oHuwjy/NucEgbx5dbxxnxup9s4PVXJUDHZBQY+s0NWA9rJf53RBnQZxfch7euUui7hpoAPvALZdA==",
      "requires": {
        "big.js": "^5.2.2",
        "emojis-list": "^3.0.0",
        "json5": "^1.0.1"
      }
    },
    "lodash": {
      "version": "4.17.15",
      "resolved": "https://registry.npmjs.org/lodash/-/lodash-4.17.15.tgz",
      "integrity": "sha512-8xOcRHvCjnocdS5cpwXQXVzmmh5e5+saE2QGoeQmbKmRS6J3VQppPOIt0MnmE+4xlZoumy0GPG0D0MVIQbNA1A=="
    },
    "lodash.debounce": {
      "version": "4.0.8",
      "resolved": "https://registry.npmjs.org/lodash.debounce/-/lodash.debounce-4.0.8.tgz",
      "integrity": "sha1-gteb/zCmfEAF/9XiUVMArZyk168="
    },
    "lodash.memoize": {
      "version": "4.1.2",
      "resolved": "https://registry.npmjs.org/lodash.memoize/-/lodash.memoize-4.1.2.tgz",
      "integrity": "sha1-vMbEmkKihA7Zl/Mj6tpezRguC/4="
    },
    "lodash.throttle": {
      "version": "4.1.1",
      "resolved": "https://registry.npmjs.org/lodash.throttle/-/lodash.throttle-4.1.1.tgz",
      "integrity": "sha1-wj6RtxAkKscMN/HhzaknTMOb8vQ="
    },
    "loose-envify": {
      "version": "1.4.0",
      "resolved": "https://registry.npmjs.org/loose-envify/-/loose-envify-1.4.0.tgz",
      "integrity": "sha512-lyuxPGr/Wfhrlem2CL/UcnUc1zcqKAImBDzukY7Y5F/yQiNdko6+fRLevlw1HgMySw7f611UIY408EtxRSoK3Q==",
      "requires": {
        "js-tokens": "^3.0.0 || ^4.0.0"
      }
    },
    "lottie-web": {
      "version": "5.6.7",
      "resolved": "https://registry.npmjs.org/lottie-web/-/lottie-web-5.6.7.tgz",
      "integrity": "sha512-ckdo2Myr4iv0nZ+ENwAN3NIsL6QsNLDWW1l52/rjpsDOVFO4iSVNgupYZXWrvsNcLWofoS9oeP8HgX7AGQY8DQ=="
    },
    "minimist": {
      "version": "1.2.5",
      "resolved": "https://registry.npmjs.org/minimist/-/minimist-1.2.5.tgz",
      "integrity": "sha512-FM9nNUYrRBAELZQT3xeZQ7fmMOBg6nWNmJKTcgsJeaLstP/UODVpGsr5OhXhhXg6f+qtJ8uiZ+PUxkDWcgIXLw=="
    },
    "ng-media": {
      "version": "1.0.12",
      "resolved": "https://registry.npmjs.org/ng-media/-/ng-media-1.0.12.tgz",
      "integrity": "sha512-DogsulaQ4iQWo3T+aewyhBCEv0MBHQ5LuzgtGnmKgoclE0FANMU0IHj9FgkhVN6SzSgGQ54ZnVyBeXa/r1Xe0A==",
      "requires": {
        "ng2-pdf-viewer": "6.0.2",
        "response-type": "1.0.3",
        "tslib": "^1.9.0"
      },
      "dependencies": {
        "response-type": {
          "version": "1.0.3",
          "resolved": "https://registry.npmjs.org/response-type/-/response-type-1.0.3.tgz",
          "integrity": "sha512-wnMqcKwgqlFu6jD1fw/cANyu7lIVVt+lAjB8N4HqvMea6X4dI1+jvH0tAUtXGyt1BY/I9+ncI+P5q4qKOxh52Q=="
        }
      }
    },
    "ng2-pdf-viewer": {
      "version": "6.0.2",
      "resolved": "https://registry.npmjs.org/ng2-pdf-viewer/-/ng2-pdf-viewer-6.0.2.tgz",
      "integrity": "sha512-JlK3Yc/JtwrdULrwnoLrsPTC+Tiq3qU/wbqn4Wkn713M80DRPYBCOs7+DbvnKULOFegpWyBtv0XcjxHaeOpBSg==",
      "requires": {
        "@types/pdfjs-dist": "^2.1.0",
        "pdfjs-dist": "^2.2.228",
        "tslib": "^1.9.0"
      }
    },
    "ngx-currency": {
      "version": "2.2.2",
      "resolved": "https://registry.npmjs.org/ngx-currency/-/ngx-currency-2.2.2.tgz",
      "integrity": "sha512-adOqNkyqfmQxxYCSSpxKhKiEBiImHqkaaxfVMHjYq4sEJnbYl8WV7cgXuqaCPcUEHrUEp9Zhr4p5rPz4Bs5Z6g==",
      "requires": {
        "tslib": "^1.9.0"
      }
    },
    "ngx-image-cropper": {
      "version": "3.1.5",
      "resolved": "https://registry.npmjs.org/ngx-image-cropper/-/ngx-image-cropper-3.1.5.tgz",
      "integrity": "sha512-KPNAWDU5pHLBSZr3yHY/y5H0ooa3HohfcxLVrGn3yDoHz45ryESAw0sdCsMlV4R/UxO+wZdiBGRKYhkMrKzV/Q==",
      "requires": {
        "hammerjs": "^2.0.8",
        "tslib": "^1.9.0"
      }
    },
    "ngx-lottie": {
      "version": "5.3.2",
      "resolved": "https://registry.npmjs.org/ngx-lottie/-/ngx-lottie-5.3.2.tgz",
      "integrity": "sha512-ghag9Twj7XIniN9BnpAJlERaAPkAkUHK4ePiU4w/zHKuIgVD8ngeqCQfB9LCCHmD5XzWSF/+y6YalIdWGJXnvQ=="
    },
    "ngx-universal-cookies": {
      "version": "8.0.1",
      "resolved": "https://registry.npmjs.org/ngx-universal-cookies/-/ngx-universal-cookies-8.0.1.tgz",
      "integrity": "sha512-wh03F8uhRh7kGSGirxH/AgyW61w5W4a7xG2Ut1Xj59u8jdAF75NTXZglkEIPWZdW/Nes+n3Xt+kK3DvP63xwng=="
    },
    "node-ensure": {
      "version": "0.0.0",
      "resolved": "https://registry.npmjs.org/node-ensure/-/node-ensure-0.0.0.tgz",
      "integrity": "sha1-7K52QVDemYYexcgQ/V0Jaxg5Mqc="
    },
    "pdfjs-dist": {
      "version": "2.3.200",
      "resolved": "https://registry.npmjs.org/pdfjs-dist/-/pdfjs-dist-2.3.200.tgz",
      "integrity": "sha512-+8wBjU5h8LPZOIvR9X2uCrp/8xWQG1DRDKMLg5lzGN1qyIAZlYUxA0KQyy12Nw5jN7ozulC6v97PMaDcLgAcFg==",
      "requires": {
        "node-ensure": "^0.0.0",
        "worker-loader": "^2.0.0"
      }
    },
    "punycode": {
      "version": "2.1.1",
      "resolved": "https://registry.npmjs.org/punycode/-/punycode-2.1.1.tgz",
      "integrity": "sha512-XRsRjdf+j5ml+y/6GKHPZbrF/8p2Yga0JPtdqTIY2Xe5ohJPD9saDJJLPvp9+NSBprVvevdXZybnj2cv8OEd0A=="
    },
    "relative-time-format": {
      "version": "0.1.3",
      "resolved": "https://registry.npmjs.org/relative-time-format/-/relative-time-format-0.1.3.tgz",
      "integrity": "sha512-0O6i4fKjsx8qhz57zorG+LrIDnF9pSvP5s7H9R1Nb5nSqih5dvRyKzNKs6MxhL3bv4iwsz4DuDwAyw+c47QFIA=="
    },
    "resize-observer-polyfill": {
      "version": "1.5.1",
      "resolved": "https://registry.npmjs.org/resize-observer-polyfill/-/resize-observer-polyfill-1.5.1.tgz",
      "integrity": "sha512-LwZrotdHOo12nQuZlHEmtuXdqGoOD0OhaxopaNFxWzInpEgaLWoVuAMbTzixuosCx2nEG58ngzW3vxdWoxIgdg=="
    },
    "response-type": {
      "version": "1.1.5",
      "resolved": "https://registry.npmjs.org/response-type/-/response-type-1.1.5.tgz",
      "integrity": "sha512-4IR9MFZI0J4itIEVw5BzlPOocEov1uqRtthdU5HEYbadYcmhA4dLcs4UPYvoXbnnQs88RHS2xgYTCC3zG5wGig=="
    },
    "rxjs-compat": {
      "version": "6.5.4",
      "resolved": "https://registry.npmjs.org/rxjs-compat/-/rxjs-compat-6.5.4.tgz",
      "integrity": "sha512-rkn+lbOHUQOurdd74J/hjmDsG9nFx0z66fvnbs8M95nrtKvNqCKdk7iZqdY51CGmDemTQk+kUPy4s8HVOHtkfA=="
    },
    "sass-material-colors": {
      "version": "0.0.5",
      "resolved": "https://registry.npmjs.org/sass-material-colors/-/sass-material-colors-0.0.5.tgz",
      "integrity": "sha1-uURTkjbJTi1OzjXS7j+iLxCy7UM="
    },
    "schema-utils": {
      "version": "0.4.7",
      "resolved": "https://registry.npmjs.org/schema-utils/-/schema-utils-0.4.7.tgz",
      "integrity": "sha512-v/iwU6wvwGK8HbU9yi3/nhGzP0yGSuhQMzL6ySiec1FSrZZDkhm4noOSWzrNFo/jEc+SJY6jRTwuwbSXJPDUnQ==",
      "requires": {
        "ajv": "^6.1.0",
        "ajv-keywords": "^3.1.0"
      }
    },
    "simplebar": {
      "version": "5.1.0",
      "resolved": "https://registry.npmjs.org/simplebar/-/simplebar-5.1.0.tgz",
      "integrity": "sha512-bdi1SleK1YOSnfeUjo5UQXt/79zNjsCJVEfzrm6photmGi2aU6x0l7rX4KAGcrtj5AwsWPBVXgDyYAqbbpnuRg==",
      "requires": {
        "can-use-dom": "^0.1.0",
        "core-js": "^3.0.1",
        "lodash.debounce": "^4.0.8",
        "lodash.memoize": "^4.1.2",
        "lodash.throttle": "^4.1.1",
        "resize-observer-polyfill": "^1.5.1"
      }
    },
    "tslib": {
      "version": "1.9.3",
      "resolved": "https://registry.npmjs.org/tslib/-/tslib-1.9.3.tgz",
      "integrity": "sha512-4krF8scpejhaOgqzBEcGM7yDIEfi0/8+8zDRZhNZZ2kjmHJ4hv3zCbQWxoJGz1iw5U0Jl0nma13xzHXcncMavQ=="
    },
    "uri-js": {
      "version": "4.2.2",
      "resolved": "https://registry.npmjs.org/uri-js/-/uri-js-4.2.2.tgz",
      "integrity": "sha512-KY9Frmirql91X2Qgjry0Wd4Y+YTdrdZheS8TFwvkbLWf/G5KNJDCh6pKL5OZctEW4+0Baa5idK2ZQuELRwPznQ==",
      "requires": {
        "punycode": "^2.1.0"
      }
    },
    "url-matcher": {
      "version": "0.2.2",
      "resolved": "https://registry.npmjs.org/url-matcher/-/url-matcher-0.2.2.tgz",
      "integrity": "sha1-cCZwFQVpBj1Lo5q9fsrQrU3D2pM=",
      "requires": {
        "invariant": "^2.0.0"
      }
    },
    "worker-loader": {
      "version": "2.0.0",
      "resolved": "https://registry.npmjs.org/worker-loader/-/worker-loader-2.0.0.tgz",
      "integrity": "sha512-tnvNp4K3KQOpfRnD20m8xltE3eWh89Ye+5oj7wXEEHKac1P4oZ6p9oTj8/8ExqoSBnk9nu5Pr4nKfQ1hn2APJw==",
      "requires": {
        "loader-utils": "^1.0.0",
        "schema-utils": "^0.4.0"
      }
    }
  }
}
