{
  "name": "@ng-dashboard/core",
  "version": "1.0.0",
  "lockfileVersion": 1,
  "requires": true,
  "dependencies": {
    "@ng-dashboard/amazing-search": {
      "version": "0.0.11",
      "resolved": "https://registry.npmjs.org/@ng-dashboard/amazing-search/-/amazing-search-0.0.11.tgz",
      "integrity": "sha512-0u2/YYZlwShyj+Vkj+YmLv0/BJRFkkv27MyZz3UyyN3L30bvG8e7JqdsZDHP9SvUJYBAlI5zF1HgEZ1oH0KNMQ==",
      "requires": {
        "lunr": "^2.3.5",
        "tslib": "^1.9.0"
      }
    },
    "@ngrx/store": {
      "version": "8.6.0",
      "resolved": "https://registry.npmjs.org/@ngrx/store/-/store-8.6.0.tgz",
      "integrity": "sha512-K4cvCEa+5hw9qrETQWO+Cha3YbVCAT8yaIKJr/N35KntTL9mQMjoL+51JWLZfBwPV0e19CFgJIyrBnVUTxwr2A=="
    },
    "bootstrap": {
      "version": "4.4.1",
      "resolved": "https://registry.npmjs.org/bootstrap/-/bootstrap-4.4.1.tgz",
      "integrity": "sha512-tbx5cHubwE6e2ZG7nqM3g/FZ5PQEDMWmMGNrCUBVRPHXTJaH7CBDdsLeu3eCh3B1tzAxTnAbtmrzvWEvT2NNEA=="
    },
    "invariant": {
      "version": "2.2.4",
      "resolved": "https://registry.npmjs.org/invariant/-/invariant-2.2.4.tgz",
      "integrity": "sha512-phJfQVBuaJM5raOpJjSfkiD6BpbCE4Ns//LaXl6wGYtUBY83nWS6Rf9tXm2e8VaK60JEjYldbPif/A2B1C2gNA==",
      "requires": {
        "loose-envify": "^1.0.0"
      }
    },
    "js-tokens": {
      "version": "4.0.0",
      "resolved": "https://registry.npmjs.org/js-tokens/-/js-tokens-4.0.0.tgz",
      "integrity": "sha512-RdJUflcE3cUzKiMqQgsCu06FPu9UdIJO0beYbPhHN4k6apgJtifcoCtT9bcxOpYBtpD2kCM6Sbzg4CausW/PKQ=="
    },
    "loose-envify": {
      "version": "1.4.0",
      "resolved": "https://registry.npmjs.org/loose-envify/-/loose-envify-1.4.0.tgz",
      "integrity": "sha512-lyuxPGr/Wfhrlem2CL/UcnUc1zcqKAImBDzukY7Y5F/yQiNdko6+fRLevlw1HgMySw7f611UIY408EtxRSoK3Q==",
      "requires": {
        "js-tokens": "^3.0.0 || ^4.0.0"
      }
    },
    "lunr": {
      "version": "2.3.8",
      "resolved": "https://registry.npmjs.org/lunr/-/lunr-2.3.8.tgz",
      "integrity": "sha512-oxMeX/Y35PNFuZoHp+jUj5OSEmLCaIH4KTFJh7a93cHBoFmpw2IoPs22VIz7vyO2YUnx2Tn9dzIwO2P/4quIRg=="
    },
    "ngx-toasta": {
      "version": "0.1.0",
      "resolved": "https://registry.npmjs.org/ngx-toasta/-/ngx-toasta-0.1.0.tgz",
      "integrity": "sha512-GDwOtWSAyM0Ilbu4oEY8o3hhYqHV9rWhqr67Cn7jBUM6abfpQZoR3StkeL09s0aHBbJgTDVXUj0n39cHDvdmvg==",
      "requires": {
        "tslib": "^1.9.0"
      }
    },
    "response-type": {
      "version": "1.0.3",
      "resolved": "https://registry.npmjs.org/response-type/-/response-type-1.0.3.tgz",
      "integrity": "sha512-wnMqcKwgqlFu6jD1fw/cANyu7lIVVt+lAjB8N4HqvMea6X4dI1+jvH0tAUtXGyt1BY/I9+ncI+P5q4qKOxh52Q=="
    },
    "sass-material-colors": {
      "version": "0.0.5",
      "resolved": "https://registry.npmjs.org/sass-material-colors/-/sass-material-colors-0.0.5.tgz",
      "integrity": "sha1-uURTkjbJTi1OzjXS7j+iLxCy7UM="
    },
    "tslib": {
      "version": "1.9.3",
      "resolved": "https://registry.npmjs.org/tslib/-/tslib-1.9.3.tgz",
      "integrity": "sha512-4krF8scpejhaOgqzBEcGM7yDIEfi0/8+8zDRZhNZZ2kjmHJ4hv3zCbQWxoJGz1iw5U0Jl0nma13xzHXcncMavQ=="
    },
    "url-matcher": {
      "version": "0.2.2",
      "resolved": "https://registry.npmjs.org/url-matcher/-/url-matcher-0.2.2.tgz",
      "integrity": "sha1-cCZwFQVpBj1Lo5q9fsrQrU3D2pM=",
      "requires": {
        "invariant": "^2.0.0"
      }
    }
  }
}
